<?xml version="1.0" encoding="utf-8"?>
<Project ToolsVersion="4.0" xmlns="http://schemas.microsoft.com/developer/msbuild/2003">
  <ItemGroup>
    <Filter Include="Source Files">
      <UniqueIdentifier>{68cbc9a4-2bff-4c74-8d2c-606badcdc901}</UniqueIdentifier>
      <Extensions>cpp;c;cxx;rc;def;r;odl;idl;hpj;bat</Extensions>
    </Filter>
    <Filter Include="Header Files">
      <UniqueIdentifier>{c043399f-8e91-42c6-8616-cf41bd03f742}</UniqueIdentifier>
      <Extensions>h;hpp;hxx;hm;inl</Extensions>
    </Filter>
    <Filter Include="Resource Files">
      <UniqueIdentifier>{f9593d69-c894-4494-b912-483f2996f7be}</UniqueIdentifier>
      <Extensions>ico;cur;bmp;dlg;rc2;rct;bin;rgs;gif;jpg;jpeg;jpe</Extensions>
    </Filter>
    <Filter Include="Textos">
      <UniqueIdentifier>{59c5d32f-4d37-4240-b4c3-f4f07a9ced8e}</UniqueIdentifier>
    </Filter>
  </ItemGroup>
  <ItemGroup>
    <ClInclude Include="recursos\resource.h">
      <Filter>Resource Files</Filter>
    </ClInclude>
    <ClInclude Include="src\AY8910.h">
      <Filter>Header Files</Filter>
    </ClInclude>
    <ClInclude Include="src\cpu.h">
      <Filter>Header Files</Filter>
    </ClInclude>
    <ClInclude Include="src\debug.h">
      <Filter>Header Files</Filter>
    </ClInclude>
    <ClInclude Include="src\disco.h">
      <Filter>Header Files</Filter>
    </ClInclude>
    <ClInclude Include="src\disco_rigido.h">
      <Filter>Header Files</Filter>
    </ClInclude>
    <ClInclude Include="src\ide.h">
      <Filter>Header Files</Filter>
    </ClInclude>
    <ClInclude Include="src\imagem.h">
      <Filter>Header Files</Filter>
    </ClInclude>
    <ClInclude Include="src\impressora.h">
      <Filter>Header Files</Filter>
    </ClInclude>
    <ClInclude Include="src\janela.h">
      <Filter>Header Files</Filter>
    </ClInclude>
    <ClInclude Include="src\joystick.h">
      <Filter>Header Files</Filter>
    </ClInclude>
    <ClInclude Include="src\memoria.h">
      <Filter>Header Files</Filter>
    </ClInclude>
    <ClInclude Include="src\mockingboard.h">
      <Filter>Header Files</Filter>
    </ClInclude>
    <ClInclude Include="src\mouse.h">
      <Filter>Header Files</Filter>
    </ClInclude>
    <ClInclude Include="src\registro.h">
      <Filter>Header Files</Filter>
    </ClInclude>
    <ClInclude Include="src\relogio.h">
      <Filter>Header Files</Filter>
    </ClInclude>
    <ClInclude Include="src\serial.h">
      <Filter>Header Files</Filter>
    </ClInclude>
    <ClInclude Include="src\SoundCore.h">
      <Filter>Header Files</Filter>
    </ClInclude>
    <ClInclude Include="src\Speaker.h">
      <Filter>Header Files</Filter>
    </ClInclude>
    <ClInclude Include="src\SSI263Phonemes.h">
      <Filter>Header Files</Filter>
    </ClInclude>
    <ClInclude Include="src\stdhdr.h">
      <Filter>Header Files</Filter>
    </ClInclude>
    <ClInclude Include="src\tape.h">
      <Filter>Header Files</Filter>
    </ClInclude>
    <ClInclude Include="src\teclado.h">
      <Filter>Header Files</Filter>
    </ClInclude>
    <ClInclude Include="src\timer.h">
      <Filter>Header Files</Filter>
    </ClInclude>
    <ClInclude Include="src\tk3000e.h">
      <Filter>Header Files</Filter>
    </ClInclude>
    <ClInclude Include="src\tkclock.h">
      <Filter>Header Files</Filter>
    </ClInclude>
    <ClInclude Include="src\utilitarios.h">
      <Filter>Header Files</Filter>
    </ClInclude>
    <ClInclude Include="src\video.h">
      <Filter>Header Files</Filter>
    </ClInclude>
    <ClInclude Include="src\z80codes.h">
      <Filter>Header Files</Filter>
    </ClInclude>
    <ClInclude Include="src\z80daa.h">
      <Filter>Header Files</Filter>
    </ClInclude>
    <ClInclude Include="src\z80emu.h">
      <Filter>Header Files</Filter>
    </ClInclude>
    <ClInclude Include="src\z80io.h">
      <Filter>Header Files</Filter>
    </ClInclude>
  </ItemGroup>
  <ItemGroup>
    <ResourceCompile Include="recursos\TK3000e.rc">
      <Filter>Resource Files</Filter>
    </ResourceCompile>
  </ItemGroup>
  <ItemGroup>
    <CustomBuild Include="recursos\CapsOff.bmp">
      <Filter>Resource Files</Filter>
    </CustomBuild>
    <CustomBuild Include="recursos\CapsOn.bmp">
      <Filter>Resource Files</Filter>
    </CustomBuild>
    <CustomBuild Include="recursos\CHARSET.bmp">
      <Filter>Resource Files</Filter>
    </CustomBuild>
    <CustomBuild Include="recursos\Charset4.bmp">
      <Filter>Resource Files</Filter>
    </CustomBuild>
    <CustomBuild Include="recursos\DISK.ICO">
      <Filter>Resource Files</Filter>
    </CustomBuild>
    <CustomBuild Include="recursos\DiskOff.bmp">
      <Filter>Resource Files</Filter>
    </CustomBuild>
    <CustomBuild Include="recursos\DiskRead.bmp">
      <Filter>Resource Files</Filter>
    </CustomBuild>
    <CustomBuild Include="recursos\DiskWrite.bmp">
      <Filter>Resource Files</Filter>
    </CustomBuild>
    <CustomBuild Include="recursos\ModeOff.bmp">
      <Filter>Resource Files</Filter>
    </CustomBuild>
    <CustomBuild Include="recursos\ModeOn.bmp">
      <Filter>Resource Files</Filter>
    </CustomBuild>
    <CustomBuild Include="recursos\TK3000e.ico">
      <Filter>Resource Files</Filter>
    </CustomBuild>
    <CustomBuild Include="recursos\Z80Off.bmp">
      <Filter>Resource Files</Filter>
    </CustomBuild>
    <CustomBuild Include="recursos\Z80On.bmp">
      <Filter>Resource Files</Filter>
    </CustomBuild>
    <CustomBuild Include="COPYING.txt">
      <Filter>Textos</Filter>
    </CustomBuild>
    <CustomBuild Include="criadist.bat">
      <Filter>Textos</Filter>
    </CustomBuild>
    <CustomBuild Include="Instalador.nsi">
      <Filter>Textos</Filter>
    </CustomBuild>
    <CustomBuild Include="Leiame.txt">
      <Filter>Textos</Filter>
    </CustomBuild>
    <CustomBuild Include="Licenca.txt">
      <Filter>Textos</Filter>
    </CustomBuild>
    <CustomBuild Include="Mudancas.txt">
      <Filter>Textos</Filter>
    </CustomBuild>
    <CustomBuild Include="Tarefas.txt">
      <Filter>Textos</Filter>
    </CustomBuild>
  </ItemGroup>
  <ItemGroup>
    <ClCompile Include="src\AY8910.cpp">
      <Filter>Source Files</Filter>
    </ClCompile>
    <ClCompile Include="src\cpu.cpp">
      <Filter>Source Files</Filter>
    </ClCompile>
    <ClCompile Include="src\debug.cpp">
      <Filter>Source Files</Filter>
    </ClCompile>
    <ClCompile Include="src\disco.cpp">
      <Filter>Source Files</Filter>
    </ClCompile>
    <ClCompile Include="src\disco_rigido.cpp">
      <Filter>Source Files</Filter>
    </ClCompile>
    <ClCompile Include="src\ide.cpp">
      <Filter>Source Files</Filter>
    </ClCompile>
    <ClCompile Include="src\imagem.cpp">
      <Filter>Source Files</Filter>
    </ClCompile>
    <ClCompile Include="src\impressora.cpp">
      <Filter>Source Files</Filter>
    </ClCompile>
    <ClCompile Include="src\janela.cpp">
      <Filter>Source Files</Filter>
    </ClCompile>
    <ClCompile Include="src\joystick.cpp">
      <Filter>Source Files</Filter>
    </ClCompile>
    <ClCompile Include="src\memoria.cpp">
      <Filter>Source Files</Filter>
    </ClCompile>
    <ClCompile Include="src\Mockingboard.cpp">
      <Filter>Source Files</Filter>
    </ClCompile>
    <ClCompile Include="src\mouse.cpp">
      <Filter>Source Files</Filter>
    </ClCompile>
    <ClCompile Include="src\registro.cpp">
      <Filter>Source Files</Filter>
    </ClCompile>
    <ClCompile Include="src\relogio.cpp">
      <Filter>Source Files</Filter>
    </ClCompile>
    <ClCompile Include="src\serial.cpp">
      <Filter>Source Files</Filter>
    </ClCompile>
    <ClCompile Include="src\SoundCore.cpp">
      <Filter>Source Files</Filter>
    </ClCompile>
    <ClCompile Include="src\Speaker.cpp">
      <Filter>Source Files</Filter>
    </ClCompile>
    <ClCompile Include="src\tape.cpp">
      <Filter>Source Files</Filter>
    </ClCompile>
    <ClCompile Include="src\teclado.cpp">
      <Filter>Source Files</Filter>
    </ClCompile>
    <ClCompile Include="src\timer.cpp">
      <Filter>Source Files</Filter>
    </ClCompile>
    <ClCompile Include="src\tk3000e.cpp">
      <Filter>Source Files</Filter>
    </ClCompile>
    <ClCompile Include="src\tkclock.cpp">
      <Filter>Source Files</Filter>
    </ClCompile>
    <ClCompile Include="src\utilitarios.cpp">
      <Filter>Source Files</Filter>
    </ClCompile>
    <ClCompile Include="src\video.cpp">
      <Filter>Source Files</Filter>
    </ClCompile>
    <ClCompile Include="src\z80emu.cpp">
      <Filter>Source Files</Filter>
    </ClCompile>
    <ClCompile Include="src\z80io.cpp">
      <Filter>Source Files</Filter>
    </ClCompile>
  </ItemGroup>
</Project>